
Microsoft Visual Studio Solution File, Format Version 12.00
Project("{FAE04EC0-301F-11D3-BF4B-00C04F79EFBC}") = "FlashSale.Api", "FlashSale.Api\FlashSale.Api.csproj", "{DE7E88A9-25AB-4F19-B2ED-ABD7518E9EAB}"
EndProject
Global
	GlobalSection(SolutionConfigurationPlatforms) = preSolution
		Debug|Any CPU = Debug|Any CPU
		Release|Any CPU = Release|Any CPU
	EndGlobalSection
	GlobalSection(ProjectConfigurationPlatforms) = postSolution
		{DE7E88A9-25AB-4F19-B2ED-ABD7518E9EAB}.Debug|Any CPU.ActiveCfg = Debug|Any CPU
		{DE7E88A9-25AB-4F19-B2ED-ABD7518E9EAB}.Debug|Any CPU.Build.0 = Debug|Any CPU
		{DE7E88A9-25AB-4F19-B2ED-ABD7518E9EAB}.Release|Any CPU.ActiveCfg = Release|Any CPU
		{DE7E88A9-25AB-4F19-B2ED-ABD7518E9EAB}.Release|Any CPU.Build.0 = Release|Any CPU
	EndGlobalSection
EndGlobal
